
Microsoft Visual Studio Solution File, Format Version 12.00
# Visual Studio Version 17
VisualStudioVersion = 17.8.34316.72
MinimumVisualStudioVersion = 10.0.40219.1
Project("{FAE04EC0-301F-11D3-BF4B-00C04F79EFBC}") = "RealEstate", "RealEstate\RealEstate.csproj", "{9CCBB4AB-55E3-47D1-88AE-BA47CAD03636}"
EndProject
Global
	GlobalSection(SolutionConfigurationPlatforms) = preSolution
		Debug|Any CPU = Debug|Any CPU
		Release|Any CPU = Release|Any CPU
	EndGlobalSection
	GlobalSection(ProjectConfigurationPlatforms) = postSolution
		{9CCBB4AB-55E3-47D1-88AE-BA47CAD03636}.Debug|Any CPU.ActiveCfg = Debug|Any CPU
		{9CCBB4AB-55E3-47D1-88AE-BA47CAD03636}.Debug|Any CPU.Build.0 = Debug|Any CPU
		{9CCBB4AB-55E3-47D1-88AE-BA47CAD03636}.Release|Any CPU.ActiveCfg = Release|Any CPU
		{9CCBB4AB-55E3-47D1-88AE-BA47CAD03636}.Release|Any CPU.Build.0 = Release|Any CPU
	EndGlobalSection
	GlobalSection(SolutionProperties) = preSolution
		HideSolutionNode = FALSE
	EndGlobalSection
	GlobalSection(ExtensibilityGlobals) = postSolution
		SolutionGuid = {FAE34E71-4955-44AC-9A39-540181B18998}
	EndGlobalSection
EndGlobal
